// !$*UTF8*$!
{
	archiveVersion = 1;
	classes = {
	};
	objectVersion = 50;
	objects = {

/* Begin PBXBuildFile section */
		921B9AB72164C94800F5F9B8 /* AppDelegate.swift in Sources */ = {isa = PBXBuildFile; fileRef = 921B9AB62164C94800F5F9B8 /* AppDelegate.swift */; };
		921B9AB92164C94800F5F9B8 /* ViewController.swift in Sources */ = {isa = PBXBuildFile; fileRef = 921B9AB82164C94800F5F9B8 /* ViewController.swift */; };
		921B9ABC2164C94800F5F9B8 /* Main.storyboard in Resources */ = {isa = PBXBuildFile; fileRef = 921B9ABA2164C94800F5F9B8 /* Main.storyboard */; };
		921B9ABE2164C94A00F5F9B8 /* Assets.xcassets in Resources */ = {isa = PBXBuildFile; fileRef = 921B9ABD2164C94A00F5F9B8 /* Assets.xcassets */; };
		921B9AC12164C94A00F5F9B8 /* LaunchScreen.storyboard in Resources */ = {isa = PBXBuildFile; fileRef = 921B9ABF2164C94A00F5F9B8 /* LaunchScreen.storyboard */; };
		921B9ACB2167273600F5F9B8 /* GameScene.swift in Sources */ = {isa = PBXBuildFile; fileRef = 921B9ACA2167273600F5F9B8 /* GameScene.swift */; };
		921B9ACF216CB81900F5F9B8 /* by_chance.mp3 in Resources */ = {isa = PBXBuildFile; fileRef = 921B9ACE216CB81800F5F9B8 /* by_chance.mp3 */; };
		921B9AD2216DB66700F5F9B8 /* 小さじ一杯.mp3 in Resources */ = {isa = PBXBuildFile; fileRef = 921B9AD1216DB66700F5F9B8 /* 小さじ一杯.mp3 */; };
		92FA92A7216DBE530062B64C /* jump07.mp3 in Resources */ = {isa = PBXBuildFile; fileRef = 92FA92A6216DBE530062B64C /* jump07.mp3 */; };
		92FA92A9216DBE5A0062B64C /* powerdown07.mp3 in Resources */ = {isa = PBXBuildFile; fileRef = 92FA92A8216DBE5A0062B64C /* powerdown07.mp3 */; };
/* End PBXBuildFile section */

/* Begin PBXFileReference section */
		921B9AB32164C94800F5F9B8 /* FlappyBird.app */ = {isa = PBXFileReference; explicitFileType = wrapper.application; includeInIndex = 0; path = FlappyBird.app; sourceTree = BUILT_PRODUCTS_DIR; };
		921B9AB62164C94800F5F9B8 /* AppDelegate.swift */ = {isa = PBXFileReference; lastKnownFileType = sourcecode.swift; path = AppDelegate.swift; sourceTree = "<group>"; };
		921B9AB82164C94800F5F9B8 /* ViewController.swift */ = {isa = PBXFileReference; lastKnownFileType = sourcecode.swift; path = ViewController.swift; sourceTree = "<group>"; };
		921B9ABB2164C94800F5F9B8 /* Base */ = {isa = PBXFileReference; lastKnownFileType = file.storyboard; name = Base; path = Base.lproj/Main.storyboard; sourceTree = "<group>"; };
		921B9ABD2164C94A00F5F9B8 /* Assets.xcassets */ = {isa = PBXFileReference; lastKnownFileType = folder.assetcatalog; path = Assets.xcassets; sourceTree = "<group>"; };
		921B9AC02164C94A00F5F9B8 /* Base */ = {isa = PBXFileReference; lastKnownFileType = file.storyboard; name = Base; path = Base.lproj/LaunchScreen.storyboard; sourceTree = "<group>"; };
		921B9AC22164C94A00F5F9B8 /* Info.plist */ = {isa = PBXFileReference; lastKnownFileType = text.plist.xml; path = Info.plist; sourceTree = "<group>"; };
		921B9ACA2167273600F5F9B8 /* GameScene.swift */ = {isa = PBXFileReference; lastKnownFileType = sourcecode.swift; path = GameScene.swift; sourceTree = "<group>"; };
		921B9ACE216CB81800F5F9B8 /* by_chance.mp3 */ = {isa = PBXFileReference; lastKnownFileType = audio.mp3; path = by_chance.mp3; sourceTree = "<group>"; };
		921B9AD1216DB66700F5F9B8 /* 小さじ一杯.mp3 */ = {isa = PBXFileReference; lastKnownFileType = audio.mp3; path = "小さじ一杯.mp3"; sourceTree = "<group>"; };
		92FA92A6216DBE530062B64C /* jump07.mp3 */ = {isa = PBXFileReference; lastKnownFileType = audio.mp3; path = jump07.mp3; sourceTree = "<group>"; };
		92FA92A8216DBE5A0062B64C /* powerdown07.mp3 */ = {isa = PBXFileReference; lastKnownFileType = audio.mp3; path = powerdown07.mp3; sourceTree = "<group>"; };
/* End PBXFileReference section */

/* Begin PBXFrameworksBuildPhase section */
		921B9AB02164C94800F5F9B8 /* Frameworks */ = {
			isa = PBXFrameworksBuildPhase;
			buildActionMask = 2147483647;
			files = (
			);
			runOnlyForDeploymentPostprocessing = 0;
		};
/* End PBXFrameworksBuildPhase section */

/* Begin PBXGroup section */
		921B9AAA2164C94800F5F9B8 = {
			isa = PBXGroup;
			children = (
				921B9AB52164C94800F5F9B8 /* FlappyBird */,
				921B9AB42164C94800F5F9B8 /* Products */,
			);
			sourceTree = "<group>";
		};
		921B9AB42164C94800F5F9B8 /* Products */ = {
			isa = PBXGroup;
			children = (
				921B9AB32164C94800F5F9B8 /* FlappyBird.app */,
			);
			name = Products;
			sourceTree = "<group>";
		};
		921B9AB52164C94800F5F9B8 /* FlappyBird */ = {
			isa = PBXGroup;
			children = (
				921B9AB62164C94800F5F9B8 /* AppDelegate.swift */,
				921B9AB82164C94800F5F9B8 /* ViewController.swift */,
				921B9ABA2164C94800F5F9B8 /* Main.storyboard */,
				921B9ABD2164C94A00F5F9B8 /* Assets.xcassets */,
				921B9ABF2164C94A00F5F9B8 /* LaunchScreen.storyboard */,
				921B9AC22164C94A00F5F9B8 /* Info.plist */,
				921B9ACA2167273600F5F9B8 /* GameScene.swift */,
				921B9AD0216DB5EE00F5F9B8 /* sound */,
			);
			path = FlappyBird;
			sourceTree = "<group>";
		};
		921B9AD0216DB5EE00F5F9B8 /* sound */ = {
			isa = PBXGroup;
			children = (
				92FA92A8216DBE5A0062B64C /* powerdown07.mp3 */,
				92FA92A6216DBE530062B64C /* jump07.mp3 */,
				921B9AD1216DB66700F5F9B8 /* 小さじ一杯.mp3 */,
				921B9ACE216CB81800F5F9B8 /* by_chance.mp3 */,
			);
			path = sound;
			sourceTree = "<group>";
		};
/* End PBXGroup section */

/* Begin PBXNativeTarget section */
		921B9AB22164C94800F5F9B8 /* FlappyBird */ = {
			isa = PBXNativeTarget;
			buildConfigurationList = 921B9AC52164C94A00F5F9B8 /* Build configuration list for PBXNativeTarget "FlappyBird" */;
			buildPhases = (
				921B9AAF2164C94800F5F9B8 /* Sources */,
				921B9AB02164C94800F5F9B8 /* Frameworks */,
				921B9AB12164C94800F5F9B8 /* Resources */,
			);
			buildRules = (
			);
			dependencies = (
			);
			name = FlappyBird;
			productName = FlappyBird;
			productReference = 921B9AB32164C94800F5F9B8 /* FlappyBird.app */;
			productType = "com.apple.product-type.application";
		};
/* End PBXNativeTarget section */

/* Begin PBXProject section */
		921B9AAB2164C94800F5F9B8 /* Project object */ = {
			isa = PBXProject;
			attributes = {
				LastSwiftUpdateCheck = 0940;
				LastUpgradeCheck = 0940;
				ORGANIZATIONNAME = yoshiyuki.oohara;
				TargetAttributes = {
					921B9AB22164C94800F5F9B8 = {
						CreatedOnToolsVersion = 9.4.1;
					};
				};
			};
			buildConfigurationList = 921B9AAE2164C94800F5F9B8 /* Build configuration list for PBXProject "FlappyBird" */;
			compatibilityVersion = "Xcode 9.3";
			developmentRegion = en;
			hasScannedForEncodings = 0;
			knownRegions = (
				en,
				Base,
			);
			mainGroup = 921B9AAA2164C94800F5F9B8;
			productRefGroup = 921B9AB42164C94800F5F9B8 /* Products */;
			projectDirPath = "";
			projectRoot = "";
			targets = (
				921B9AB22164C94800F5F9B8 /* FlappyBird */,
			);
		};
/* End PBXProject section */

/* Begin PBXResourcesBuildPhase section */
		921B9AB12164C94800F5F9B8 /* Resources */ = {
			isa = PBXResourcesBuildPhase;
			buildActionMask = 2147483647;
			files = (
				921B9ACF216CB81900F5F9B8 /* by_chance.mp3 in Resources */,
				921B9AC12164C94A00F5F9B8 /* LaunchScreen.storyboard in Resources */,
				921B9AD2216DB66700F5F9B8 /* 小さじ一杯.mp3 in Resources */,
				921B9ABE2164C94A00F5F9B8 /* Assets.xcassets in Resources */,
				921B9ABC2164C94800F5F9B8 /* Main.storyboard in Resources */,
				92FA92A9216DBE5A0062B64C /* powerdown07.mp3 in Resources */,
				92FA92A7216DBE530062B64C /* jump07.mp3 in Resources */,
			);
			runOnlyForDeploymentPostprocessing = 0;
		};
/* End PBXResourcesBuildPhase section */

/* Begin PBXSourcesBuildPhase section */
		921B9AAF2164C94800F5F9B8 /* Sources */ = {
			isa = PBXSourcesBuildPhase;
			buildActionMask = 2147483647;
			files = (
				921B9ACB2167273600F5F9B8 /* GameScene.swift in Sources */,
				921B9AB92164C94800F5F9B8 /* ViewController.swift in Sources */,
				921B9AB72164C94800F5F9B8 /* AppDelegate.swift in Sources */,
			);
			runOnlyForDeploymentPostprocessing = 0;
		};
/* End PBXSourcesBuildPhase section */

/* Begin PBXVariantGroup section */
		921B9ABA2164C94800F5F9B8 /* Main.storyboard */ = {
			isa = PBXVariantGroup;
			children = (
				921B9ABB2164C94800F5F9B8 /* Base */,
			);
			name = Main.storyboard;
			sourceTree = "<group>";
		};
		921B9ABF2164C94A00F5F9B8 /* LaunchScreen.storyboard */ = {
			isa = PBXVariantGroup;
			children = (
				921B9AC02164C94A00F5F9B8 /* Base */,
			);
			name = LaunchScreen.storyboard;
			sourceTree = "<group>";
		};
/* End PBXVariantGroup section */

/* Begin XCBuildConfiguration section */
		921B9AC32164C94A00F5F9B8 /* Debug */ = {
			isa = XCBuildConfiguration;
			buildSettings = {
				ALWAYS_SEARCH_USER_PATHS = NO;
				CLANG_ANALYZER_NONNULL = YES;
				CLANG_ANALYZER_NUMBER_OBJECT_CONVERSION = YES_AGGRESSIVE;
				CLANG_CXX_LANGUAGE_STANDARD = "gnu++14";
				CLANG_CXX_LIBRARY = "libc++";
				CLANG_ENABLE_MODULES = YES;
				CLANG_ENABLE_OBJC_ARC = YES;
				CLANG_ENABLE_OBJC_WEAK = YES;
				CLANG_WARN_BLOCK_CAPTURE_AUTORELEASING = YES;
				CLANG_WARN_BOOL_CONVERSION = YES;
				CLANG_WARN_COMMA = YES;
				CLANG_WARN_CONSTANT_CONVERSION = YES;
				CLANG_WARN_DEPRECATED_OBJC_IMPLEMENTATIONS = YES;
				CLANG_WARN_DIRECT_OBJC_ISA_USAGE = YES_ERROR;
				CLANG_WARN_DOCUMENTATION_COMMENTS = YES;
				CLANG_WARN_EMPTY_BODY = YES;
				CLANG_WARN_ENUM_CONVERSION = YES;
				CLANG_WARN_INFINITE_RECURSION = YES;
				CLANG_WARN_INT_CONVERSION = YES;
				CLANG_WARN_NON_LITERAL_NULL_CONVERSION = YES;
				CLANG_WARN_OBJC_IMPLICIT_RETAIN_SELF = YES;
				CLANG_WARN_OBJC_LITERAL_CONVERSION = YES;
				CLANG_WARN_OBJC_ROOT_CLASS = YES_ERROR;
				CLANG_WARN_RANGE_LOOP_ANALYSIS = YES;
				CLANG_WARN_STRICT_PROTOTYPES = YES;
				CLANG_WARN_SUSPICIOUS_MOVE = YES;
				CLANG_WARN_UNGUARDED_AVAILABILITY = YES_AGGRESSIVE;
				CLANG_WARN_UNREACHABLE_CODE = YES;
				CLANG_WARN__DUPLICATE_METHOD_MATCH = YES;
				CODE_SIGN_IDENTITY = "iPhone Developer";
				COPY_PHASE_STRIP = NO;
				DEBUG_INFORMATION_FORMAT = dwarf;
				ENABLE_STRICT_OBJC_MSGSEND = YES;
				ENABLE_TESTABILITY = YES;
				GCC_C_LANGUAGE_STANDARD = gnu11;
				GCC_DYNAMIC_NO_PIC = NO;
				GCC_NO_COMMON_BLOCKS = YES;
				GCC_OPTIMIZATION_LEVEL = 0;
				GCC_PREPROCESSOR_DEFINITIONS = (
					"DEBUG=1",
					"$(inherited)",
				);
				GCC_WARN_64_TO_32_BIT_CONVERSION = YES;
				GCC_WARN_ABOUT_RETURN_TYPE = YES_ERROR;
				GCC_WARN_UNDECLARED_SELECTOR = YES;
				GCC_WARN_UNINITIALIZED_AUTOS = YES_AGGRESSIVE;
				GCC_WARN_UNUSED_FUNCTION = YES;
				GCC_WARN_UNUSED_VARIABLE = YES;
				IPHONEOS_DEPLOYMENT_TARGET = 11.4;
				MTL_ENABLE_DEBUG_INFO = YES;
				ONLY_ACTIVE_ARCH = YES;
				SDKROOT = iphoneos;
				SWIFT_ACTIVE_COMPILATION_CONDITIONS = DEBUG;
				SWIFT_OPTIMIZATION_LEVEL = "-Onone";
			};
			name = Debug;
		};
		921B9AC42164C94A00F5F9B8 /* Release */ = {
			isa = XCBuildConfiguration;
			buildSettings = {
				ALWAYS_SEARCH_USER_PATHS = NO;
				CLANG_ANALYZER_NONNULL = YES;
				CLANG_ANALYZER_NUMBER_OBJECT_CONVERSION = YES_AGGRESSIVE;
				CLANG_CXX_LANGUAGE_STANDARD = "gnu++14";
				CLANG_CXX_LIBRARY = "libc++";
				CLANG_ENABLE_MODULES = YES;
				CLANG_ENABLE_OBJC_ARC = YES;
				CLANG_ENABLE_OBJC_WEAK = YES;
				CLANG_WARN_BLOCK_CAPTURE_AUTORELEASING = YES;
				CLANG_WARN_BOOL_CONVERSION = YES;
				CLANG_WARN_COMMA = YES;
				CLANG_WARN_CONSTANT_CONVERSION = YES;
				CLANG_WARN_DEPRECATED_OBJC_IMPLEMENTATIONS = YES;
				CLANG_WARN_DIRECT_OBJC_ISA_USAGE = YES_ERROR;
				CLANG_WARN_DOCUMENTATION_COMMENTS = YES;
				CLANG_WARN_EMPTY_BODY = YES;
				CLANG_WARN_ENUM_CONVERSION = YES;
				CLANG_WARN_INFINITE_RECURSION = YES;
				CLANG_WARN_INT_CONVERSION = YES;
				CLANG_WARN_NON_LITERAL_NULL_CONVERSION = YES;
				CLANG_WARN_OBJC_IMPLICIT_RETAIN_SELF = YES;
				CLANG_WARN_OBJC_LITERAL_CONVERSION = YES;
				CLANG_WARN_OBJC_ROOT_CLASS = YES_ERROR;
				CLANG_WARN_RANGE_LOOP_ANALYSIS = YES;
				CLANG_WARN_STRICT_PROTOTYPES = YES;
				CLANG_WARN_SUSPICIOUS_MOVE = YES;
				CLANG_WARN_UNGUARDED_AVAILABILITY = YES_AGGRESSIVE;
				CLANG_WARN_UNREACHABLE_CODE = YES;
				CLANG_WARN__DUPLICATE_METHOD_MATCH = YES;
				CODE_SIGN_IDENTITY = "iPhone Developer";
				COPY_PHASE_STRIP = NO;
				DEBUG_INFORMATION_FORMAT = "dwarf-with-dsym";
				ENABLE_NS_ASSERTIONS = NO;
				ENABLE_STRICT_OBJC_MSGSEND = YES;
				GCC_C_LANGUAGE_STANDARD = gnu11;
				GCC_NO_COMMON_BLOCKS = YES;
				GCC_WARN_64_TO_32_BIT_CONVERSION = YES;
				GCC_WARN_ABOUT_RETURN_TYPE = YES_ERROR;
				GCC_WARN_UNDECLARED_SELECTOR = YES;
				GCC_WARN_UNINITIALIZED_AUTOS = YES_AGGRESSIVE;
				GCC_WARN_UNUSED_FUNCTION = YES;
				GCC_WARN_UNUSED_VARIABLE = YES;
				IPHONEOS_DEPLOYMENT_TARGET = 11.4;
				MTL_ENABLE_DEBUG_INFO = NO;
				SDKROOT = iphoneos;
				SWIFT_COMPILATION_MODE = wholemodule;
				SWIFT_OPTIMIZATION_LEVEL = "-O";
				VALIDATE_PRODUCT = YES;
			};
			name = Release;
		};
		921B9AC62164C94A00F5F9B8 /* Debug */ = {
			isa = XCBuildConfiguration;
			buildSettings = {
				ASSETCATALOG_COMPILER_APPICON_NAME = AppIcon;
				CODE_SIGN_STYLE = Automatic;
				DEVELOPMENT_TEAM = 542PU6CA5B;
				INFOPLIST_FILE = FlappyBird/Info.plist;
				LD_RUNPATH_SEARCH_PATHS = (
					"$(inherited)",
					"@executable_path/Frameworks",
				);
				PRODUCT_BUNDLE_IDENTIFIER = jp.techacademy.yoshiyuki.oohara.FlappyBird;
				PRODUCT_NAME = "$(TARGET_NAME)";
				SWIFT_VERSION = 4.0;
				TARGETED_DEVICE_FAMILY = 1;
			};
			name = Debug;
		};
		921B9AC72164C94A00F5F9B8 /* Release */ = {
			isa = XCBuildConfiguration;
			buildSettings = {
				ASSETCATALOG_COMPILER_APPICON_NAME = AppIcon;
				CODE_SIGN_STYLE = Automatic;
				DEVELOPMENT_TEAM = 542PU6CA5B;
				INFOPLIST_FILE = FlappyBird/Info.plist;
				LD_RUNPATH_SEARCH_PATHS = (
					"$(inherited)",
					"@executable_path/Frameworks",
				);
				PRODUCT_BUNDLE_IDENTIFIER = jp.techacademy.yoshiyuki.oohara.FlappyBird;
				PRODUCT_NAME = "$(TARGET_NAME)";
				SWIFT_VERSION = 4.0;
				TARGETED_DEVICE_FAMILY = 1;
			};
			name = Release;
		};
/* End XCBuildConfiguration section */

/* Begin XCConfigurationList section */
		921B9AAE2164C94800F5F9B8 /* Build configuration list for PBXProject "FlappyBird" */ = {
			isa = XCConfigurationList;
			buildConfigurations = (
				921B9AC32164C94A00F5F9B8 /* Debug */,
				921B9AC42164C94A00F5F9B8 /* Release */,
			);
			defaultConfigurationIsVisible = 0;
			defaultConfigurationName = Release;
		};
		921B9AC52164C94A00F5F9B8 /* Build configuration list for PBXNativeTarget "FlappyBird" */ = {
			isa = XCConfigurationList;
			buildConfigurations = (
				921B9AC62164C94A00F5F9B8 /* Debug */,
				921B9AC72164C94A00F5F9B8 /* Release */,
			);
			defaultConfigurationIsVisible = 0;
			defaultConfigurationName = Release;
		};
/* End XCConfigurationList section */
	};
	rootObject = 921B9AAB2164C94800F5F9B8 /* Project object */;
}
